
Microsoft Visual Studio Solution File, Format Version 12.00
# Visual Studio Version 16
VisualStudioVersion = 16.0.30114.105
MinimumVisualStudioVersion = 10.0.40219.1
Project("{FAE04EC0-301F-11D3-BF4B-00C04F79EFBC}") = "API", "API\API.csproj", "{073372B0-14AD-48D6-B985-424982E8537B}"
EndProject
Project("{FAE04EC0-301F-11D3-BF4B-00C04F79EFBC}") = "Application", "Application\Application.csproj", "{2ADD377F-8E3E-453A-8468-1AE691874E2D}"
EndProject
Project("{FAE04EC0-301F-11D3-BF4B-00C04F79EFBC}") = "Persistence", "Persistence\Persistence.csproj", "{021EDE82-4BC4-4CAD-B080-32FBB7E32B9D}"
EndProject
Project("{FAE04EC0-301F-11D3-BF4B-00C04F79EFBC}") = "Domain", "Domain\Domain.csproj", "{50E26A99-22BD-481C-BE96-38B4D4B9E297}"
EndProject
Global
	GlobalSection(SolutionConfigurationPlatforms) = preSolution
		Debug|Any CPU = Debug|Any CPU
		Debug|x64 = Debug|x64
		Debug|x86 = Debug|x86
		Release|Any CPU = Release|Any CPU
		Release|x64 = Release|x64
		Release|x86 = Release|x86
	EndGlobalSection
	GlobalSection(SolutionProperties) = preSolution
		HideSolutionNode = FALSE
	EndGlobalSection
	GlobalSection(ProjectConfigurationPlatforms) = postSolution
		{073372B0-14AD-48D6-B985-424982E8537B}.Debug|Any CPU.ActiveCfg = Debug|Any CPU
		{073372B0-14AD-48D6-B985-424982E8537B}.Debug|Any CPU.Build.0 = Debug|Any CPU
		{073372B0-14AD-48D6-B985-424982E8537B}.Debug|x64.ActiveCfg = Debug|Any CPU
		{073372B0-14AD-48D6-B985-424982E8537B}.Debug|x64.Build.0 = Debug|Any CPU
		{073372B0-14AD-48D6-B985-424982E8537B}.Debug|x86.ActiveCfg = Debug|Any CPU
		{073372B0-14AD-48D6-B985-424982E8537B}.Debug|x86.Build.0 = Debug|Any CPU
		{073372B0-14AD-48D6-B985-424982E8537B}.Release|Any CPU.ActiveCfg = Release|Any CPU
		{073372B0-14AD-48D6-B985-424982E8537B}.Release|Any CPU.Build.0 = Release|Any CPU
		{073372B0-14AD-48D6-B985-424982E8537B}.Release|x64.ActiveCfg = Release|Any CPU
		{073372B0-14AD-48D6-B985-424982E8537B}.Release|x64.Build.0 = Release|Any CPU
		{073372B0-14AD-48D6-B985-424982E8537B}.Release|x86.ActiveCfg = Release|Any CPU
		{073372B0-14AD-48D6-B985-424982E8537B}.Release|x86.Build.0 = Release|Any CPU
		{2ADD377F-8E3E-453A-8468-1AE691874E2D}.Debug|Any CPU.ActiveCfg = Debug|Any CPU
		{2ADD377F-8E3E-453A-8468-1AE691874E2D}.Debug|Any CPU.Build.0 = Debug|Any CPU
		{2ADD377F-8E3E-453A-8468-1AE691874E2D}.Debug|x64.ActiveCfg = Debug|Any CPU
		{2ADD377F-8E3E-453A-8468-1AE691874E2D}.Debug|x64.Build.0 = Debug|Any CPU
		{2ADD377F-8E3E-453A-8468-1AE691874E2D}.Debug|x86.ActiveCfg = Debug|Any CPU
		{2ADD377F-8E3E-453A-8468-1AE691874E2D}.Debug|x86.Build.0 = Debug|Any CPU
		{2ADD377F-8E3E-453A-8468-1AE691874E2D}.Release|Any CPU.ActiveCfg = Release|Any CPU
		{2ADD377F-8E3E-453A-8468-1AE691874E2D}.Release|Any CPU.Build.0 = Release|Any CPU
		{2ADD377F-8E3E-453A-8468-1AE691874E2D}.Release|x64.ActiveCfg = Release|Any CPU
		{2ADD377F-8E3E-453A-8468-1AE691874E2D}.Release|x64.Build.0 = Release|Any CPU
		{2ADD377F-8E3E-453A-8468-1AE691874E2D}.Release|x86.ActiveCfg = Release|Any CPU
		{2ADD377F-8E3E-453A-8468-1AE691874E2D}.Release|x86.Build.0 = Release|Any CPU
		{021EDE82-4BC4-4CAD-B080-32FBB7E32B9D}.Debug|Any CPU.ActiveCfg = Debug|Any CPU
		{021EDE82-4BC4-4CAD-B080-32FBB7E32B9D}.Debug|Any CPU.Build.0 = Debug|Any CPU
		{021EDE82-4BC4-4CAD-B080-32FBB7E32B9D}.Debug|x64.ActiveCfg = Debug|Any CPU
		{021EDE82-4BC4-4CAD-B080-32FBB7E32B9D}.Debug|x64.Build.0 = Debug|Any CPU
		{021EDE82-4BC4-4CAD-B080-32FBB7E32B9D}.Debug|x86.ActiveCfg = Debug|Any CPU
		{021EDE82-4BC4-4CAD-B080-32FBB7E32B9D}.Debug|x86.Build.0 = Debug|Any CPU
		{021EDE82-4BC4-4CAD-B080-32FBB7E32B9D}.Release|Any CPU.ActiveCfg = Release|Any CPU
		{021EDE82-4BC4-4CAD-B080-32FBB7E32B9D}.Release|Any CPU.Build.0 = Release|Any CPU
		{021EDE82-4BC4-4CAD-B080-32FBB7E32B9D}.Release|x64.ActiveCfg = Release|Any CPU
		{021EDE82-4BC4-4CAD-B080-32FBB7E32B9D}.Release|x64.Build.0 = Release|Any CPU
		{021EDE82-4BC4-4CAD-B080-32FBB7E32B9D}.Release|x86.ActiveCfg = Release|Any CPU
		{021EDE82-4BC4-4CAD-B080-32FBB7E32B9D}.Release|x86.Build.0 = Release|Any CPU
		{50E26A99-22BD-481C-BE96-38B4D4B9E297}.Debug|Any CPU.ActiveCfg = Debug|Any CPU
		{50E26A99-22BD-481C-BE96-38B4D4B9E297}.Debug|Any CPU.Build.0 = Debug|Any CPU
		{50E26A99-22BD-481C-BE96-38B4D4B9E297}.Debug|x64.ActiveCfg = Debug|Any CPU
		{50E26A99-22BD-481C-BE96-38B4D4B9E297}.Debug|x64.Build.0 = Debug|Any CPU
		{50E26A99-22BD-481C-BE96-38B4D4B9E297}.Debug|x86.ActiveCfg = Debug|Any CPU
		{50E26A99-22BD-481C-BE96-38B4D4B9E297}.Debug|x86.Build.0 = Debug|Any CPU
		{50E26A99-22BD-481C-BE96-38B4D4B9E297}.Release|Any CPU.ActiveCfg = Release|Any CPU
		{50E26A99-22BD-481C-BE96-38B4D4B9E297}.Release|Any CPU.Build.0 = Release|Any CPU
		{50E26A99-22BD-481C-BE96-38B4D4B9E297}.Release|x64.ActiveCfg = Release|Any CPU
		{50E26A99-22BD-481C-BE96-38B4D4B9E297}.Release|x64.Build.0 = Release|Any CPU
		{50E26A99-22BD-481C-BE96-38B4D4B9E297}.Release|x86.ActiveCfg = Release|Any CPU
		{50E26A99-22BD-481C-BE96-38B4D4B9E297}.Release|x86.Build.0 = Release|Any CPU
	EndGlobalSection
EndGlobal
